// !$*UTF8*$!
{
	archiveVersion = 1;
	classes = {
	};
	objectVersion = 46;
	objects = {

/* Begin PBXBuildFile section */
		750347281F3B036C00C1320B /* TweetsData.swift in Sources */ = {isa = PBXBuildFile; fileRef = 750347271F3B036C00C1320B /* TweetsData.swift */; };
		7503472E1F3B18AA00C1320B /* TwitterUser.swift in Sources */ = {isa = PBXBuildFile; fileRef = 7503472D1F3B18AA00C1320B /* TwitterUser.swift */; };
		750347301F3B1EA700C1320B /* SmashTweetersTableViewController.swift in Sources */ = {isa = PBXBuildFile; fileRef = 7503472F1F3B1EA700C1320B /* SmashTweetersTableViewController.swift */; };
		750347321F3B270000C1320B /* FetchedResultsTableViewController.swift in Sources */ = {isa = PBXBuildFile; fileRef = 750347311F3B270000C1320B /* FetchedResultsTableViewController.swift */; };
		750347341F3B2D9400C1320B /* UITableViewDataSource+NSFetchedResultsController.swift in Sources */ = {isa = PBXBuildFile; fileRef = 750347331F3B2D9400C1320B /* UITableViewDataSource+NSFetchedResultsController.swift */; };
		750809B31F46FA520054CF3F /* ImageTableViewCell.swift in Sources */ = {isa = PBXBuildFile; fileRef = 750809B11F46FA520054CF3F /* ImageTableViewCell.swift */; };
		750809B41F46FA520054CF3F /* ImageTableViewCell.xib in Resources */ = {isa = PBXBuildFile; fileRef = 750809B21F46FA520054CF3F /* ImageTableViewCell.xib */; };
		750F941C1F499AB6000A99BD /* ImageViewController.swift in Sources */ = {isa = PBXBuildFile; fileRef = 750F941B1F499AB6000A99BD /* ImageViewController.swift */; };
		751058C61F67CB9A0034EAE3 /* HashTag.swift in Sources */ = {isa = PBXBuildFile; fileRef = 751058C51F67CB9A0034EAE3 /* HashTag.swift */; };
		751058C81F67CBC20034EAE3 /* UserMentions.swift in Sources */ = {isa = PBXBuildFile; fileRef = 751058C71F67CBC20034EAE3 /* UserMentions.swift */; };
		7595AC491F45A0EB00A8B568 /* TweetDetailsViewController.swift in Sources */ = {isa = PBXBuildFile; fileRef = 7595AC481F45A0EB00A8B568 /* TweetDetailsViewController.swift */; };
		7595AC4D1F45B37F00A8B568 /* ImageTweetDetailsTableViewController.swift in Sources */ = {isa = PBXBuildFile; fileRef = 7595AC4C1F45B37F00A8B568 /* ImageTweetDetailsTableViewController.swift */; };
		75B83A4F1F4A81A800AE4D43 /* RecentTweetsTableTableViewController.swift in Sources */ = {isa = PBXBuildFile; fileRef = 75B83A4E1F4A81A800AE4D43 /* RecentTweetsTableTableViewController.swift */; };
		75D831301F39D1CC002A003D /* AppDelegate.swift in Sources */ = {isa = PBXBuildFile; fileRef = 75D8312F1F39D1CC002A003D /* AppDelegate.swift */; };
		75D831351F39D1CC002A003D /* Main.storyboard in Resources */ = {isa = PBXBuildFile; fileRef = 75D831331F39D1CC002A003D /* Main.storyboard */; };
		75D831371F39D1CC002A003D /* Assets.xcassets in Resources */ = {isa = PBXBuildFile; fileRef = 75D831361F39D1CC002A003D /* Assets.xcassets */; };
		75D8313A1F39D1CC002A003D /* LaunchScreen.storyboard in Resources */ = {isa = PBXBuildFile; fileRef = 75D831381F39D1CC002A003D /* LaunchScreen.storyboard */; };
		75D831451F39D1CC002A003D /* SmashTagTests.swift in Sources */ = {isa = PBXBuildFile; fileRef = 75D831441F39D1CC002A003D /* SmashTagTests.swift */; };
		75D831501F39D1CC002A003D /* SmashTagUITests.swift in Sources */ = {isa = PBXBuildFile; fileRef = 75D8314F1F39D1CC002A003D /* SmashTagUITests.swift */; };
		75D8315F1F39D391002A003D /* TweetTableViewController.swift in Sources */ = {isa = PBXBuildFile; fileRef = 75D8315E1F39D391002A003D /* TweetTableViewController.swift */; };
		75D831611F39DE63002A003D /* TweetTableViewCell.swift in Sources */ = {isa = PBXBuildFile; fileRef = 75D831601F39DE63002A003D /* TweetTableViewCell.swift */; };
		75D831851F39E74E002A003D /* Smash.xcdatamodeld in Sources */ = {isa = PBXBuildFile; fileRef = 75D831831F39E74E002A003D /* Smash.xcdatamodeld */; };
		75E6A36D1F4ED9BD001AB471 /* MentionCountTableViewController.swift in Sources */ = {isa = PBXBuildFile; fileRef = 75E6A36C1F4ED9BD001AB471 /* MentionCountTableViewController.swift */; };
		75EF33C71F3A4B1500A38A0E /* Twitter.framework in Frameworks */ = {isa = PBXBuildFile; fileRef = 75EF33C61F3A4B1500A38A0E /* Twitter.framework */; };
		75EF33C81F3A4B1500A38A0E /* Twitter.framework in Embed Frameworks */ = {isa = PBXBuildFile; fileRef = 75EF33C61F3A4B1500A38A0E /* Twitter.framework */; settings = {ATTRIBUTES = (CodeSignOnCopy, RemoveHeadersOnCopy, ); }; };
/* End PBXBuildFile section */

/* Begin PBXContainerItemProxy section */
		75D831411F39D1CC002A003D /* PBXContainerItemProxy */ = {
			isa = PBXContainerItemProxy;
			containerPortal = 75D831241F39D1CC002A003D /* Project object */;
			proxyType = 1;
			remoteGlobalIDString = 75D8312B1F39D1CC002A003D;
			remoteInfo = SmashTag;
		};
		75D8314C1F39D1CC002A003D /* PBXContainerItemProxy */ = {
			isa = PBXContainerItemProxy;
			containerPortal = 75D831241F39D1CC002A003D /* Project object */;
			proxyType = 1;
			remoteGlobalIDString = 75D8312B1F39D1CC002A003D;
			remoteInfo = SmashTag;
		};
/* End PBXContainerItemProxy section */

/* Begin PBXCopyFilesBuildPhase section */
		75EF33C51F3A46C700A38A0E /* Embed Frameworks */ = {
			isa = PBXCopyFilesBuildPhase;
			buildActionMask = 2147483647;
			dstPath = "";
			dstSubfolderSpec = 10;
			files = (
				75EF33C81F3A4B1500A38A0E /* Twitter.framework in Embed Frameworks */,
			);
			name = "Embed Frameworks";
			runOnlyForDeploymentPostprocessing = 0;
		};
/* End PBXCopyFilesBuildPhase section */

/* Begin PBXFileReference section */
		750347271F3B036C00C1320B /* TweetsData.swift */ = {isa = PBXFileReference; fileEncoding = 4; lastKnownFileType = sourcecode.swift; path = TweetsData.swift; sourceTree = "<group>"; };
		7503472D1F3B18AA00C1320B /* TwitterUser.swift */ = {isa = PBXFileReference; fileEncoding = 4; lastKnownFileType = sourcecode.swift; path = TwitterUser.swift; sourceTree = "<group>"; };
		7503472F1F3B1EA700C1320B /* SmashTweetersTableViewController.swift */ = {isa = PBXFileReference; fileEncoding = 4; lastKnownFileType = sourcecode.swift; path = SmashTweetersTableViewController.swift; sourceTree = "<group>"; };
		750347311F3B270000C1320B /* FetchedResultsTableViewController.swift */ = {isa = PBXFileReference; fileEncoding = 4; lastKnownFileType = sourcecode.swift; name = FetchedResultsTableViewController.swift; path = "../../../../Desktop/L11 Smashtag/Smashtag/FetchedResultsTableViewController.swift"; sourceTree = "<group>"; };
		750347331F3B2D9400C1320B /* UITableViewDataSource+NSFetchedResultsController.swift */ = {isa = PBXFileReference; fileEncoding = 4; lastKnownFileType = sourcecode.swift; name = "UITableViewDataSource+NSFetchedResultsController.swift"; path = "../../../../Desktop/L11 Smashtag/Smashtag/UITableViewDataSource+NSFetchedResultsController.swift"; sourceTree = "<group>"; };
		750809B11F46FA520054CF3F /* ImageTableViewCell.swift */ = {isa = PBXFileReference; fileEncoding = 4; lastKnownFileType = sourcecode.swift; path = ImageTableViewCell.swift; sourceTree = "<group>"; };
		750809B21F46FA520054CF3F /* ImageTableViewCell.xib */ = {isa = PBXFileReference; fileEncoding = 4; lastKnownFileType = file.xib; path = ImageTableViewCell.xib; sourceTree = "<group>"; };
		750F941B1F499AB6000A99BD /* ImageViewController.swift */ = {isa = PBXFileReference; fileEncoding = 4; lastKnownFileType = sourcecode.swift; path = ImageViewController.swift; sourceTree = "<group>"; };
		751058C51F67CB9A0034EAE3 /* HashTag.swift */ = {isa = PBXFileReference; fileEncoding = 4; lastKnownFileType = sourcecode.swift; path = HashTag.swift; sourceTree = "<group>"; };
		751058C71F67CBC20034EAE3 /* UserMentions.swift */ = {isa = PBXFileReference; fileEncoding = 4; lastKnownFileType = sourcecode.swift; path = UserMentions.swift; sourceTree = "<group>"; };
		7595AC481F45A0EB00A8B568 /* TweetDetailsViewController.swift */ = {isa = PBXFileReference; fileEncoding = 4; lastKnownFileType = sourcecode.swift; path = TweetDetailsViewController.swift; sourceTree = "<group>"; };
		7595AC4C1F45B37F00A8B568 /* ImageTweetDetailsTableViewController.swift */ = {isa = PBXFileReference; fileEncoding = 4; lastKnownFileType = sourcecode.swift; path = ImageTweetDetailsTableViewController.swift; sourceTree = "<group>"; };
		75B83A4E1F4A81A800AE4D43 /* RecentTweetsTableTableViewController.swift */ = {isa = PBXFileReference; fileEncoding = 4; lastKnownFileType = sourcecode.swift; path = RecentTweetsTableTableViewController.swift; sourceTree = "<group>"; };
		75D8312C1F39D1CC002A003D /* SmashTag.app */ = {isa = PBXFileReference; explicitFileType = wrapper.application; includeInIndex = 0; path = SmashTag.app; sourceTree = BUILT_PRODUCTS_DIR; };
		75D8312F1F39D1CC002A003D /* AppDelegate.swift */ = {isa = PBXFileReference; lastKnownFileType = sourcecode.swift; path = AppDelegate.swift; sourceTree = "<group>"; };
		75D831341F39D1CC002A003D /* Base */ = {isa = PBXFileReference; lastKnownFileType = file.storyboard; name = Base; path = Base.lproj/Main.storyboard; sourceTree = "<group>"; };
		75D831361F39D1CC002A003D /* Assets.xcassets */ = {isa = PBXFileReference; lastKnownFileType = folder.assetcatalog; path = Assets.xcassets; sourceTree = "<group>"; };
		75D831391F39D1CC002A003D /* Base */ = {isa = PBXFileReference; lastKnownFileType = file.storyboard; name = Base; path = Base.lproj/LaunchScreen.storyboard; sourceTree = "<group>"; };
		75D8313B1F39D1CC002A003D /* Info.plist */ = {isa = PBXFileReference; lastKnownFileType = text.plist.xml; path = Info.plist; sourceTree = "<group>"; };
		75D831401F39D1CC002A003D /* SmashTagTests.xctest */ = {isa = PBXFileReference; explicitFileType = wrapper.cfbundle; includeInIndex = 0; path = SmashTagTests.xctest; sourceTree = BUILT_PRODUCTS_DIR; };
		75D831441F39D1CC002A003D /* SmashTagTests.swift */ = {isa = PBXFileReference; lastKnownFileType = sourcecode.swift; path = SmashTagTests.swift; sourceTree = "<group>"; };
		75D831461F39D1CC002A003D /* Info.plist */ = {isa = PBXFileReference; lastKnownFileType = text.plist.xml; path = Info.plist; sourceTree = "<group>"; };
		75D8314B1F39D1CC002A003D /* SmashTagUITests.xctest */ = {isa = PBXFileReference; explicitFileType = wrapper.cfbundle; includeInIndex = 0; path = SmashTagUITests.xctest; sourceTree = BUILT_PRODUCTS_DIR; };
		75D8314F1F39D1CC002A003D /* SmashTagUITests.swift */ = {isa = PBXFileReference; lastKnownFileType = sourcecode.swift; path = SmashTagUITests.swift; sourceTree = "<group>"; };
		75D831511F39D1CC002A003D /* Info.plist */ = {isa = PBXFileReference; lastKnownFileType = text.plist.xml; path = Info.plist; sourceTree = "<group>"; };
		75D8315E1F39D391002A003D /* TweetTableViewController.swift */ = {isa = PBXFileReference; fileEncoding = 4; lastKnownFileType = sourcecode.swift; path = TweetTableViewController.swift; sourceTree = "<group>"; };
		75D831601F39DE63002A003D /* TweetTableViewCell.swift */ = {isa = PBXFileReference; fileEncoding = 4; lastKnownFileType = sourcecode.swift; path = TweetTableViewCell.swift; sourceTree = "<group>"; };
		75D831841F39E74E002A003D /* Smash.xcdatamodel */ = {isa = PBXFileReference; lastKnownFileType = wrapper.xcdatamodel; path = Smash.xcdatamodel; sourceTree = "<group>"; };
		75E6A36C1F4ED9BD001AB471 /* MentionCountTableViewController.swift */ = {isa = PBXFileReference; fileEncoding = 4; lastKnownFileType = sourcecode.swift; path = MentionCountTableViewController.swift; sourceTree = "<group>"; };
		75EF33C61F3A4B1500A38A0E /* Twitter.framework */ = {isa = PBXFileReference; explicitFileType = wrapper.framework; path = Twitter.framework; sourceTree = BUILT_PRODUCTS_DIR; };
/* End PBXFileReference section */

/* Begin PBXFrameworksBuildPhase section */
		75D831291F39D1CC002A003D /* Frameworks */ = {
			isa = PBXFrameworksBuildPhase;
			buildActionMask = 2147483647;
			files = (
				75EF33C71F3A4B1500A38A0E /* Twitter.framework in Frameworks */,
			);
			runOnlyForDeploymentPostprocessing = 0;
		};
		75D8313D1F39D1CC002A003D /* Frameworks */ = {
			isa = PBXFrameworksBuildPhase;
			buildActionMask = 2147483647;
			files = (
			);
			runOnlyForDeploymentPostprocessing = 0;
		};
		75D831481F39D1CC002A003D /* Frameworks */ = {
			isa = PBXFrameworksBuildPhase;
			buildActionMask = 2147483647;
			files = (
			);
			runOnlyForDeploymentPostprocessing = 0;
		};
/* End PBXFrameworksBuildPhase section */

/* Begin PBXGroup section */
		751058C41F67C0830034EAE3 /* Core Data Files */ = {
			isa = PBXGroup;
			children = (
				7503472D1F3B18AA00C1320B /* TwitterUser.swift */,
				750347271F3B036C00C1320B /* TweetsData.swift */,
				75D831831F39E74E002A003D /* Smash.xcdatamodeld */,
				751058C71F67CBC20034EAE3 /* UserMentions.swift */,
				751058C51F67CB9A0034EAE3 /* HashTag.swift */,
			);
			name = "Core Data Files";
			sourceTree = "<group>";
		};
		75D831231F39D1CC002A003D = {
			isa = PBXGroup;
			children = (
				75EF33C61F3A4B1500A38A0E /* Twitter.framework */,
				75D8312E1F39D1CC002A003D /* SmashTag */,
				75D831431F39D1CC002A003D /* SmashTagTests */,
				75D8314E1F39D1CC002A003D /* SmashTagUITests */,
				75D8312D1F39D1CC002A003D /* Products */,
			);
			sourceTree = "<group>";
		};
		75D8312D1F39D1CC002A003D /* Products */ = {
			isa = PBXGroup;
			children = (
				75D8312C1F39D1CC002A003D /* SmashTag.app */,
				75D831401F39D1CC002A003D /* SmashTagTests.xctest */,
				75D8314B1F39D1CC002A003D /* SmashTagUITests.xctest */,
			);
			name = Products;
			sourceTree = "<group>";
		};
		75D8312E1F39D1CC002A003D /* SmashTag */ = {
			isa = PBXGroup;
			children = (
				751058C41F67C0830034EAE3 /* Core Data Files */,
				75D8315D1F39D1FB002A003D /* Supporting Files */,
				75D831331F39D1CC002A003D /* Main.storyboard */,
				7595AC481F45A0EB00A8B568 /* TweetDetailsViewController.swift */,
				75D8315E1F39D391002A003D /* TweetTableViewController.swift */,
				7595AC4C1F45B37F00A8B568 /* ImageTweetDetailsTableViewController.swift */,
				75D831601F39DE63002A003D /* TweetTableViewCell.swift */,
				750809B21F46FA520054CF3F /* ImageTableViewCell.xib */,
				750809B11F46FA520054CF3F /* ImageTableViewCell.swift */,
				750F941B1F499AB6000A99BD /* ImageViewController.swift */,
				75B83A4E1F4A81A800AE4D43 /* RecentTweetsTableTableViewController.swift */,
				75E6A36C1F4ED9BD001AB471 /* MentionCountTableViewController.swift */,
				7503472F1F3B1EA700C1320B /* SmashTweetersTableViewController.swift */,
				750347311F3B270000C1320B /* FetchedResultsTableViewController.swift */,
				750347331F3B2D9400C1320B /* UITableViewDataSource+NSFetchedResultsController.swift */,
				75D8313B1F39D1CC002A003D /* Info.plist */,
			);
			path = SmashTag;
			sourceTree = "<group>";
		};
		75D831431F39D1CC002A003D /* SmashTagTests */ = {
			isa = PBXGroup;
			children = (
				75D831441F39D1CC002A003D /* SmashTagTests.swift */,
				75D831461F39D1CC002A003D /* Info.plist */,
			);
			path = SmashTagTests;
			sourceTree = "<group>";
		};
		75D8314E1F39D1CC002A003D /* SmashTagUITests */ = {
			isa = PBXGroup;
			children = (
				75D8314F1F39D1CC002A003D /* SmashTagUITests.swift */,
				75D831511F39D1CC002A003D /* Info.plist */,
			);
			path = SmashTagUITests;
			sourceTree = "<group>";
		};
		75D8315D1F39D1FB002A003D /* Supporting Files */ = {
			isa = PBXGroup;
			children = (
				75D831381F39D1CC002A003D /* LaunchScreen.storyboard */,
				75D831361F39D1CC002A003D /* Assets.xcassets */,
				75D8312F1F39D1CC002A003D /* AppDelegate.swift */,
			);
			name = "Supporting Files";
			sourceTree = "<group>";
		};
/* End PBXGroup section */

/* Begin PBXNativeTarget section */
		75D8312B1F39D1CC002A003D /* SmashTag */ = {
			isa = PBXNativeTarget;
			buildConfigurationList = 75D831541F39D1CC002A003D /* Build configuration list for PBXNativeTarget "SmashTag" */;
			buildPhases = (
				75D831281F39D1CC002A003D /* Sources */,
				75D831291F39D1CC002A003D /* Frameworks */,
				75D8312A1F39D1CC002A003D /* Resources */,
				75EF33C51F3A46C700A38A0E /* Embed Frameworks */,
			);
			buildRules = (
			);
			dependencies = (
			);
			name = SmashTag;
			productName = SmashTag;
			productReference = 75D8312C1F39D1CC002A003D /* SmashTag.app */;
			productType = "com.apple.product-type.application";
		};
		75D8313F1F39D1CC002A003D /* SmashTagTests */ = {
			isa = PBXNativeTarget;
			buildConfigurationList = 75D831571F39D1CC002A003D /* Build configuration list for PBXNativeTarget "SmashTagTests" */;
			buildPhases = (
				75D8313C1F39D1CC002A003D /* Sources */,
				75D8313D1F39D1CC002A003D /* Frameworks */,
				75D8313E1F39D1CC002A003D /* Resources */,
			);
			buildRules = (
			);
			dependencies = (
				75D831421F39D1CC002A003D /* PBXTargetDependency */,
			);
			name = SmashTagTests;
			productName = SmashTagTests;
			productReference = 75D831401F39D1CC002A003D /* SmashTagTests.xctest */;
			productType = "com.apple.product-type.bundle.unit-test";
		};
		75D8314A1F39D1CC002A003D /* SmashTagUITests */ = {
			isa = PBXNativeTarget;
			buildConfigurationList = 75D8315A1F39D1CC002A003D /* Build configuration list for PBXNativeTarget "SmashTagUITests" */;
			buildPhases = (
				75D831471F39D1CC002A003D /* Sources */,
				75D831481F39D1CC002A003D /* Frameworks */,
				75D831491F39D1CC002A003D /* Resources */,
			);
			buildRules = (
			);
			dependencies = (
				75D8314D1F39D1CC002A003D /* PBXTargetDependency */,
			);
			name = SmashTagUITests;
			productName = SmashTagUITests;
			productReference = 75D8314B1F39D1CC002A003D /* SmashTagUITests.xctest */;
			productType = "com.apple.product-type.bundle.ui-testing";
		};
/* End PBXNativeTarget section */

/* Begin PBXProject section */
		75D831241F39D1CC002A003D /* Project object */ = {
			isa = PBXProject;
			attributes = {
				LastSwiftUpdateCheck = 0830;
				LastUpgradeCheck = 0830;
				ORGANIZATIONNAME = "Sanchit Mittal";
				TargetAttributes = {
					75D8312B1F39D1CC002A003D = {
						CreatedOnToolsVersion = 8.3;
						ProvisioningStyle = Automatic;
					};
					75D8313F1F39D1CC002A003D = {
						CreatedOnToolsVersion = 8.3;
						ProvisioningStyle = Automatic;
						TestTargetID = 75D8312B1F39D1CC002A003D;
					};
					75D8314A1F39D1CC002A003D = {
						CreatedOnToolsVersion = 8.3;
						ProvisioningStyle = Automatic;
						TestTargetID = 75D8312B1F39D1CC002A003D;
					};
				};
			};
			buildConfigurationList = 75D831271F39D1CC002A003D /* Build configuration list for PBXProject "SmashTag" */;
			compatibilityVersion = "Xcode 3.2";
			developmentRegion = English;
			hasScannedForEncodings = 0;
			knownRegions = (
				en,
				Base,
			);
			mainGroup = 75D831231F39D1CC002A003D;
			productRefGroup = 75D8312D1F39D1CC002A003D /* Products */;
			projectDirPath = "";
			projectRoot = "";
			targets = (
				75D8312B1F39D1CC002A003D /* SmashTag */,
				75D8313F1F39D1CC002A003D /* SmashTagTests */,
				75D8314A1F39D1CC002A003D /* SmashTagUITests */,
			);
		};
/* End PBXProject section */

/* Begin PBXResourcesBuildPhase section */
		75D8312A1F39D1CC002A003D /* Resources */ = {
			isa = PBXResourcesBuildPhase;
			buildActionMask = 2147483647;
			files = (
				750809B41F46FA520054CF3F /* ImageTableViewCell.xib in Resources */,
				75D8313A1F39D1CC002A003D /* LaunchScreen.storyboard in Resources */,
				75D831371F39D1CC002A003D /* Assets.xcassets in Resources */,
				75D831351F39D1CC002A003D /* Main.storyboard in Resources */,
			);
			runOnlyForDeploymentPostprocessing = 0;
		};
		75D8313E1F39D1CC002A003D /* Resources */ = {
			isa = PBXResourcesBuildPhase;
			buildActionMask = 2147483647;
			files = (
			);
			runOnlyForDeploymentPostprocessing = 0;
		};
		75D831491F39D1CC002A003D /* Resources */ = {
			isa = PBXResourcesBuildPhase;
			buildActionMask = 2147483647;
			files = (
			);
			runOnlyForDeploymentPostprocessing = 0;
		};
/* End PBXResourcesBuildPhase section */

/* Begin PBXSourcesBuildPhase section */
		75D831281F39D1CC002A003D /* Sources */ = {
			isa = PBXSourcesBuildPhase;
			buildActionMask = 2147483647;
			files = (
				750347321F3B270000C1320B /* FetchedResultsTableViewController.swift in Sources */,
				75B83A4F1F4A81A800AE4D43 /* RecentTweetsTableTableViewController.swift in Sources */,
				750347341F3B2D9400C1320B /* UITableViewDataSource+NSFetchedResultsController.swift in Sources */,
				751058C61F67CB9A0034EAE3 /* HashTag.swift in Sources */,
				75D831301F39D1CC002A003D /* AppDelegate.swift in Sources */,
				7595AC4D1F45B37F00A8B568 /* ImageTweetDetailsTableViewController.swift in Sources */,
				7595AC491F45A0EB00A8B568 /* TweetDetailsViewController.swift in Sources */,
				750347281F3B036C00C1320B /* TweetsData.swift in Sources */,
				7503472E1F3B18AA00C1320B /* TwitterUser.swift in Sources */,
				750347301F3B1EA700C1320B /* SmashTweetersTableViewController.swift in Sources */,
				75E6A36D1F4ED9BD001AB471 /* MentionCountTableViewController.swift in Sources */,
				75D8315F1F39D391002A003D /* TweetTableViewController.swift in Sources */,
				750F941C1F499AB6000A99BD /* ImageViewController.swift in Sources */,
				75D831851F39E74E002A003D /* Smash.xcdatamodeld in Sources */,
				750809B31F46FA520054CF3F /* ImageTableViewCell.swift in Sources */,
				751058C81F67CBC20034EAE3 /* UserMentions.swift in Sources */,
				75D831611F39DE63002A003D /* TweetTableViewCell.swift in Sources */,
			);
			runOnlyForDeploymentPostprocessing = 0;
		};
		75D8313C1F39D1CC002A003D /* Sources */ = {
			isa = PBXSourcesBuildPhase;
			buildActionMask = 2147483647;
			files = (
				75D831451F39D1CC002A003D /* SmashTagTests.swift in Sources */,
			);
			runOnlyForDeploymentPostprocessing = 0;
		};
		75D831471F39D1CC002A003D /* Sources */ = {
			isa = PBXSourcesBuildPhase;
			buildActionMask = 2147483647;
			files = (
				75D831501F39D1CC002A003D /* SmashTagUITests.swift in Sources */,
			);
			runOnlyForDeploymentPostprocessing = 0;
		};
/* End PBXSourcesBuildPhase section */

/* Begin PBXTargetDependency section */
		75D831421F39D1CC002A003D /* PBXTargetDependency */ = {
			isa = PBXTargetDependency;
			target = 75D8312B1F39D1CC002A003D /* SmashTag */;
			targetProxy = 75D831411F39D1CC002A003D /* PBXContainerItemProxy */;
		};
		75D8314D1F39D1CC002A003D /* PBXTargetDependency */ = {
			isa = PBXTargetDependency;
			target = 75D8312B1F39D1CC002A003D /* SmashTag */;
			targetProxy = 75D8314C1F39D1CC002A003D /* PBXContainerItemProxy */;
		};
/* End PBXTargetDependency section */

/* Begin PBXVariantGroup section */
		75D831331F39D1CC002A003D /* Main.storyboard */ = {
			isa = PBXVariantGroup;
			children = (
				75D831341F39D1CC002A003D /* Base */,
			);
			name = Main.storyboard;
			sourceTree = "<group>";
		};
		75D831381F39D1CC002A003D /* LaunchScreen.storyboard */ = {
			isa = PBXVariantGroup;
			children = (
				75D831391F39D1CC002A003D /* Base */,
			);
			name = LaunchScreen.storyboard;
			sourceTree = "<group>";
		};
/* End PBXVariantGroup section */

/* Begin XCBuildConfiguration section */
		75D831521F39D1CC002A003D /* Debug */ = {
			isa = XCBuildConfiguration;
			buildSettings = {
				ALWAYS_SEARCH_USER_PATHS = NO;
				CLANG_ANALYZER_NONNULL = YES;
				CLANG_ANALYZER_NUMBER_OBJECT_CONVERSION = YES_AGGRESSIVE;
				CLANG_CXX_LANGUAGE_STANDARD = "gnu++0x";
				CLANG_CXX_LIBRARY = "libc++";
				CLANG_ENABLE_MODULES = YES;
				CLANG_ENABLE_OBJC_ARC = YES;
				CLANG_WARN_BOOL_CONVERSION = YES;
				CLANG_WARN_CONSTANT_CONVERSION = YES;
				CLANG_WARN_DIRECT_OBJC_ISA_USAGE = YES_ERROR;
				CLANG_WARN_DOCUMENTATION_COMMENTS = YES;
				CLANG_WARN_EMPTY_BODY = YES;
				CLANG_WARN_ENUM_CONVERSION = YES;
				CLANG_WARN_INFINITE_RECURSION = YES;
				CLANG_WARN_INT_CONVERSION = YES;
				CLANG_WARN_OBJC_ROOT_CLASS = YES_ERROR;
				CLANG_WARN_SUSPICIOUS_MOVE = YES;
				CLANG_WARN_UNREACHABLE_CODE = YES;
				CLANG_WARN__DUPLICATE_METHOD_MATCH = YES;
				"CODE_SIGN_IDENTITY[sdk=iphoneos*]" = "iPhone Developer";
				COPY_PHASE_STRIP = NO;
				DEBUG_INFORMATION_FORMAT = dwarf;
				ENABLE_STRICT_OBJC_MSGSEND = YES;
				ENABLE_TESTABILITY = YES;
				GCC_C_LANGUAGE_STANDARD = gnu99;
				GCC_DYNAMIC_NO_PIC = NO;
				GCC_NO_COMMON_BLOCKS = YES;
				GCC_OPTIMIZATION_LEVEL = 0;
				GCC_PREPROCESSOR_DEFINITIONS = (
					"DEBUG=1",
					"$(inherited)",
				);
				GCC_WARN_64_TO_32_BIT_CONVERSION = YES;
				GCC_WARN_ABOUT_RETURN_TYPE = YES_ERROR;
				GCC_WARN_UNDECLARED_SELECTOR = YES;
				GCC_WARN_UNINITIALIZED_AUTOS = YES_AGGRESSIVE;
				GCC_WARN_UNUSED_FUNCTION = YES;
				GCC_WARN_UNUSED_VARIABLE = YES;
				IPHONEOS_DEPLOYMENT_TARGET = 10.3;
				MTL_ENABLE_DEBUG_INFO = YES;
				ONLY_ACTIVE_ARCH = YES;
				SDKROOT = iphoneos;
				SWIFT_ACTIVE_COMPILATION_CONDITIONS = DEBUG;
				SWIFT_OPTIMIZATION_LEVEL = "-Onone";
				TARGETED_DEVICE_FAMILY = "1,2";
			};
			name = Debug;
		};
		75D831531F39D1CC002A003D /* Release */ = {
			isa = XCBuildConfiguration;
			buildSettings = {
				ALWAYS_SEARCH_USER_PATHS = NO;
				CLANG_ANALYZER_NONNULL = YES;
				CLANG_ANALYZER_NUMBER_OBJECT_CONVERSION = YES_AGGRESSIVE;
				CLANG_CXX_LANGUAGE_STANDARD = "gnu++0x";
				CLANG_CXX_LIBRARY = "libc++";
				CLANG_ENABLE_MODULES = YES;
				CLANG_ENABLE_OBJC_ARC = YES;
				CLANG_WARN_BOOL_CONVERSION = YES;
				CLANG_WARN_CONSTANT_CONVERSION = YES;
				CLANG_WARN_DIRECT_OBJC_ISA_USAGE = YES_ERROR;
				CLANG_WARN_DOCUMENTATION_COMMENTS = YES;
				CLANG_WARN_EMPTY_BODY = YES;
				CLANG_WARN_ENUM_CONVERSION = YES;
				CLANG_WARN_INFINITE_RECURSION = YES;
				CLANG_WARN_INT_CONVERSION = YES;
				CLANG_WARN_OBJC_ROOT_CLASS = YES_ERROR;
				CLANG_WARN_SUSPICIOUS_MOVE = YES;
				CLANG_WARN_UNREACHABLE_CODE = YES;
				CLANG_WARN__DUPLICATE_METHOD_MATCH = YES;
				"CODE_SIGN_IDENTITY[sdk=iphoneos*]" = "iPhone Developer";
				COPY_PHASE_STRIP = NO;
				DEBUG_INFORMATION_FORMAT = "dwarf-with-dsym";
				ENABLE_NS_ASSERTIONS = NO;
				ENABLE_STRICT_OBJC_MSGSEND = YES;
				GCC_C_LANGUAGE_STANDARD = gnu99;
				GCC_NO_COMMON_BLOCKS = YES;
				GCC_WARN_64_TO_32_BIT_CONVERSION = YES;
				GCC_WARN_ABOUT_RETURN_TYPE = YES_ERROR;
				GCC_WARN_UNDECLARED_SELECTOR = YES;
				GCC_WARN_UNINITIALIZED_AUTOS = YES_AGGRESSIVE;
				GCC_WARN_UNUSED_FUNCTION = YES;
				GCC_WARN_UNUSED_VARIABLE = YES;
				IPHONEOS_DEPLOYMENT_TARGET = 10.3;
				MTL_ENABLE_DEBUG_INFO = NO;
				SDKROOT = iphoneos;
				SWIFT_OPTIMIZATION_LEVEL = "-Owholemodule";
				TARGETED_DEVICE_FAMILY = "1,2";
				VALIDATE_PRODUCT = YES;
			};
			name = Release;
		};
		75D831551F39D1CC002A003D /* Debug */ = {
			isa = XCBuildConfiguration;
			buildSettings = {
				ASSETCATALOG_COMPILER_APPICON_NAME = AppIcon;
				INFOPLIST_FILE = SmashTag/Info.plist;
				LD_RUNPATH_SEARCH_PATHS = "$(inherited) @executable_path/Frameworks";
				PRODUCT_BUNDLE_IDENTIFIER = com.example.SmashTag;
				PRODUCT_NAME = "$(TARGET_NAME)";
				SWIFT_VERSION = 3.0;
			};
			name = Debug;
		};
		75D831561F39D1CC002A003D /* Release */ = {
			isa = XCBuildConfiguration;
			buildSettings = {
				ASSETCATALOG_COMPILER_APPICON_NAME = AppIcon;
				INFOPLIST_FILE = SmashTag/Info.plist;
				LD_RUNPATH_SEARCH_PATHS = "$(inherited) @executable_path/Frameworks";
				PRODUCT_BUNDLE_IDENTIFIER = com.example.SmashTag;
				PRODUCT_NAME = "$(TARGET_NAME)";
				SWIFT_VERSION = 3.0;
			};
			name = Release;
		};
		75D831581F39D1CC002A003D /* Debug */ = {
			isa = XCBuildConfiguration;
			buildSettings = {
				ALWAYS_EMBED_SWIFT_STANDARD_LIBRARIES = YES;
				BUNDLE_LOADER = "$(TEST_HOST)";
				INFOPLIST_FILE = SmashTagTests/Info.plist;
				LD_RUNPATH_SEARCH_PATHS = "$(inherited) @executable_path/Frameworks @loader_path/Frameworks";
				PRODUCT_BUNDLE_IDENTIFIER = com.example.SmashTagTests;
				PRODUCT_NAME = "$(TARGET_NAME)";
				SWIFT_VERSION = 3.0;
				TEST_HOST = "$(BUILT_PRODUCTS_DIR)/SmashTag.app/SmashTag";
			};
			name = Debug;
		};
		75D831591F39D1CC002A003D /* Release */ = {
			isa = XCBuildConfiguration;
			buildSettings = {
				ALWAYS_EMBED_SWIFT_STANDARD_LIBRARIES = YES;
				BUNDLE_LOADER = "$(TEST_HOST)";
				INFOPLIST_FILE = SmashTagTests/Info.plist;
				LD_RUNPATH_SEARCH_PATHS = "$(inherited) @executable_path/Frameworks @loader_path/Frameworks";
				PRODUCT_BUNDLE_IDENTIFIER = com.example.SmashTagTests;
				PRODUCT_NAME = "$(TARGET_NAME)";
				SWIFT_VERSION = 3.0;
				TEST_HOST = "$(BUILT_PRODUCTS_DIR)/SmashTag.app/SmashTag";
			};
			name = Release;
		};
		75D8315B1F39D1CC002A003D /* Debug */ = {
			isa = XCBuildConfiguration;
			buildSettings = {
				ALWAYS_EMBED_SWIFT_STANDARD_LIBRARIES = YES;
				INFOPLIST_FILE = SmashTagUITests/Info.plist;
				LD_RUNPATH_SEARCH_PATHS = "$(inherited) @executable_path/Frameworks @loader_path/Frameworks";
				PRODUCT_BUNDLE_IDENTIFIER = com.example.SmashTagUITests;
				PRODUCT_NAME = "$(TARGET_NAME)";
				SWIFT_VERSION = 3.0;
				TEST_TARGET_NAME = SmashTag;
			};
			name = Debug;
		};
		75D8315C1F39D1CC002A003D /* Release */ = {
			isa = XCBuildConfiguration;
			buildSettings = {
				ALWAYS_EMBED_SWIFT_STANDARD_LIBRARIES = YES;
				INFOPLIST_FILE = SmashTagUITests/Info.plist;
				LD_RUNPATH_SEARCH_PATHS = "$(inherited) @executable_path/Frameworks @loader_path/Frameworks";
				PRODUCT_BUNDLE_IDENTIFIER = com.example.SmashTagUITests;
				PRODUCT_NAME = "$(TARGET_NAME)";
				SWIFT_VERSION = 3.0;
				TEST_TARGET_NAME = SmashTag;
			};
			name = Release;
		};
/* End XCBuildConfiguration section */

/* Begin XCConfigurationList section */
		75D831271F39D1CC002A003D /* Build configuration list for PBXProject "SmashTag" */ = {
			isa = XCConfigurationList;
			buildConfigurations = (
				75D831521F39D1CC002A003D /* Debug */,
				75D831531F39D1CC002A003D /* Release */,
			);
			defaultConfigurationIsVisible = 0;
			defaultConfigurationName = Release;
		};
		75D831541F39D1CC002A003D /* Build configuration list for PBXNativeTarget "SmashTag" */ = {
			isa = XCConfigurationList;
			buildConfigurations = (
				75D831551F39D1CC002A003D /* Debug */,
				75D831561F39D1CC002A003D /* Release */,
			);
			defaultConfigurationIsVisible = 0;
			defaultConfigurationName = Release;
		};
		75D831571F39D1CC002A003D /* Build configuration list for PBXNativeTarget "SmashTagTests" */ = {
			isa = XCConfigurationList;
			buildConfigurations = (
				75D831581F39D1CC002A003D /* Debug */,
				75D831591F39D1CC002A003D /* Release */,
			);
			defaultConfigurationIsVisible = 0;
			defaultConfigurationName = Release;
		};
		75D8315A1F39D1CC002A003D /* Build configuration list for PBXNativeTarget "SmashTagUITests" */ = {
			isa = XCConfigurationList;
			buildConfigurations = (
				75D8315B1F39D1CC002A003D /* Debug */,
				75D8315C1F39D1CC002A003D /* Release */,
			);
			defaultConfigurationIsVisible = 0;
			defaultConfigurationName = Release;
		};
/* End XCConfigurationList section */

/* Begin XCVersionGroup section */
		75D831831F39E74E002A003D /* Smash.xcdatamodeld */ = {
			isa = XCVersionGroup;
			children = (
				75D831841F39E74E002A003D /* Smash.xcdatamodel */,
			);
			currentVersion = 75D831841F39E74E002A003D /* Smash.xcdatamodel */;
			path = Smash.xcdatamodeld;
			sourceTree = "<group>";
			versionGroupType = wrapper.xcdatamodel;
		};
/* End XCVersionGroup section */
	};
	rootObject = 75D831241F39D1CC002A003D /* Project object */;
}
